// !$*UTF8*$!
{
	archiveVersion = 1;
	classes = {
	};
	objectVersion = 45;
	objects = {

/* Begin PBXBuildFile section */
		74FB58F412E3C1B60070E4D0 /* NSFNanoEngine.m in Sources */ = {isa = PBXBuildFile; fileRef = 74FB58D512E3C1B60070E4D0 /* NSFNanoEngine.m */; };
		74FB58F512E3C1B60070E4D0 /* NSFNanoResult.m in Sources */ = {isa = PBXBuildFile; fileRef = 74FB58D712E3C1B60070E4D0 /* NSFNanoResult.m */; };
		74FB58F612E3C1B60070E4D0 /* NSFNanoBag.m in Sources */ = {isa = PBXBuildFile; fileRef = 74FB58E612E3C1B60070E4D0 /* NSFNanoBag.m */; };
		74FB58F712E3C1B60070E4D0 /* NSFNanoExpression.m in Sources */ = {isa = PBXBuildFile; fileRef = 74FB58E812E3C1B60070E4D0 /* NSFNanoExpression.m */; };
		74FB58F812E3C1B60070E4D0 /* NSFNanoGlobals.m in Sources */ = {isa = PBXBuildFile; fileRef = 74FB58EA12E3C1B60070E4D0 /* NSFNanoGlobals.m */; };
		74FB58F912E3C1B60070E4D0 /* NSFNanoObject.m in Sources */ = {isa = PBXBuildFile; fileRef = 74FB58EC12E3C1B60070E4D0 /* NSFNanoObject.m */; };
		74FB58FA12E3C1B60070E4D0 /* NSFNanoPredicate.m in Sources */ = {isa = PBXBuildFile; fileRef = 74FB58EF12E3C1B60070E4D0 /* NSFNanoPredicate.m */; };
		74FB58FB12E3C1B60070E4D0 /* NSFNanoSearch.m in Sources */ = {isa = PBXBuildFile; fileRef = 74FB58F112E3C1B60070E4D0 /* NSFNanoSearch.m */; };
		74FB58FC12E3C1B60070E4D0 /* NSFNanoStore.m in Sources */ = {isa = PBXBuildFile; fileRef = 74FB58F312E3C1B60070E4D0 /* NSFNanoStore.m */; };
		74FB590512E3C1D10070E4D0 /* libsqlite3.dylib in Frameworks */ = {isa = PBXBuildFile; fileRef = 74FB590412E3C1D10070E4D0 /* libsqlite3.dylib */; };
		8DD76F9A0486AA7600D96B5E /* iTunesImporter.m in Sources */ = {isa = PBXBuildFile; fileRef = 08FB7796FE84155DC02AAC07 /* iTunesImporter.m */; settings = {ATTRIBUTES = (); }; };
		8DD76F9C0486AA7600D96B5E /* Foundation.framework in Frameworks */ = {isa = PBXBuildFile; fileRef = 08FB779EFE84155DC02AAC07 /* Foundation.framework */; };
		8DD76F9F0486AA7600D96B5E /* iTunesImporter.1 in CopyFiles */ = {isa = PBXBuildFile; fileRef = C6859EA3029092ED04C91782 /* iTunesImporter.1 */; };
/* End PBXBuildFile section */

/* Begin PBXCopyFilesBuildPhase section */
		8DD76F9E0486AA7600D96B5E /* CopyFiles */ = {
			isa = PBXCopyFilesBuildPhase;
			buildActionMask = 8;
			dstPath = /usr/share/man/man1/;
			dstSubfolderSpec = 0;
			files = (
				8DD76F9F0486AA7600D96B5E /* iTunesImporter.1 in CopyFiles */,
			);
			runOnlyForDeploymentPostprocessing = 1;
		};
/* End PBXCopyFilesBuildPhase section */

/* Begin PBXFileReference section */
		08FB7796FE84155DC02AAC07 /* iTunesImporter.m */ = {isa = PBXFileReference; fileEncoding = 4; lastKnownFileType = sourcecode.c.objc; path = iTunesImporter.m; sourceTree = "<group>"; };
		08FB779EFE84155DC02AAC07 /* Foundation.framework */ = {isa = PBXFileReference; lastKnownFileType = wrapper.framework; name = Foundation.framework; path = /System/Library/Frameworks/Foundation.framework; sourceTree = "<absolute>"; };
		32A70AAB03705E1F00C91783 /* iTunesImporter_Prefix.pch */ = {isa = PBXFileReference; fileEncoding = 4; lastKnownFileType = sourcecode.c.h; path = iTunesImporter_Prefix.pch; sourceTree = "<group>"; };
		74FB58D412E3C1B60070E4D0 /* NSFNanoEngine.h */ = {isa = PBXFileReference; fileEncoding = 4; lastKnownFileType = sourcecode.c.h; path = NSFNanoEngine.h; sourceTree = "<group>"; };
		74FB58D512E3C1B60070E4D0 /* NSFNanoEngine.m */ = {isa = PBXFileReference; fileEncoding = 4; lastKnownFileType = sourcecode.c.objc; path = NSFNanoEngine.m; sourceTree = "<group>"; };
		74FB58D612E3C1B60070E4D0 /* NSFNanoResult.h */ = {isa = PBXFileReference; fileEncoding = 4; lastKnownFileType = sourcecode.c.h; path = NSFNanoResult.h; sourceTree = "<group>"; };
		74FB58D712E3C1B60070E4D0 /* NSFNanoResult.m */ = {isa = PBXFileReference; fileEncoding = 4; lastKnownFileType = sourcecode.c.objc; path = NSFNanoResult.m; sourceTree = "<group>"; };
		74FB58D912E3C1B60070E4D0 /* NanoStore_Private.h */ = {isa = PBXFileReference; fileEncoding = 4; lastKnownFileType = sourcecode.c.h; path = NanoStore_Private.h; sourceTree = "<group>"; };
		74FB58DA12E3C1B60070E4D0 /* NSFNanoBag_Private.h */ = {isa = PBXFileReference; fileEncoding = 4; lastKnownFileType = sourcecode.c.h; path = NSFNanoBag_Private.h; sourceTree = "<group>"; };
		74FB58DB12E3C1B60070E4D0 /* NSFNanoEngine_Private.h */ = {isa = PBXFileReference; fileEncoding = 4; lastKnownFileType = sourcecode.c.h; path = NSFNanoEngine_Private.h; sourceTree = "<group>"; };
		74FB58DC12E3C1B60070E4D0 /* NSFNanoExpression_Private.h */ = {isa = PBXFileReference; fileEncoding = 4; lastKnownFileType = sourcecode.c.h; path = NSFNanoExpression_Private.h; sourceTree = "<group>"; };
		74FB58DD12E3C1B60070E4D0 /* NSFNanoGlobals_Private.h */ = {isa = PBXFileReference; fileEncoding = 4; lastKnownFileType = sourcecode.c.h; path = NSFNanoGlobals_Private.h; sourceTree = "<group>"; };
		74FB58DE12E3C1B60070E4D0 /* NSFNanoObject_Private.h */ = {isa = PBXFileReference; fileEncoding = 4; lastKnownFileType = sourcecode.c.h; path = NSFNanoObject_Private.h; sourceTree = "<group>"; };
		74FB58DF12E3C1B60070E4D0 /* NSFNanoPredicate_Private.h */ = {isa = PBXFileReference; fileEncoding = 4; lastKnownFileType = sourcecode.c.h; path = NSFNanoPredicate_Private.h; sourceTree = "<group>"; };
		74FB58E012E3C1B60070E4D0 /* NSFNanoResult_Private.h */ = {isa = PBXFileReference; fileEncoding = 4; lastKnownFileType = sourcecode.c.h; path = NSFNanoResult_Private.h; sourceTree = "<group>"; };
		74FB58E112E3C1B60070E4D0 /* NSFNanoSearch_Private.h */ = {isa = PBXFileReference; fileEncoding = 4; lastKnownFileType = sourcecode.c.h; path = NSFNanoSearch_Private.h; sourceTree = "<group>"; };
		74FB58E212E3C1B60070E4D0 /* NSFNanoStore_Private.h */ = {isa = PBXFileReference; fileEncoding = 4; lastKnownFileType = sourcecode.c.h; path = NSFNanoStore_Private.h; sourceTree = "<group>"; };
		74FB58E412E3C1B60070E4D0 /* NanoStore.h */ = {isa = PBXFileReference; fileEncoding = 4; lastKnownFileType = sourcecode.c.h; path = NanoStore.h; sourceTree = "<group>"; };
		74FB58E512E3C1B60070E4D0 /* NSFNanoBag.h */ = {isa = PBXFileReference; fileEncoding = 4; lastKnownFileType = sourcecode.c.h; path = NSFNanoBag.h; sourceTree = "<group>"; };
		74FB58E612E3C1B60070E4D0 /* NSFNanoBag.m */ = {isa = PBXFileReference; fileEncoding = 4; lastKnownFileType = sourcecode.c.objc; path = NSFNanoBag.m; sourceTree = "<group>"; };
		74FB58E712E3C1B60070E4D0 /* NSFNanoExpression.h */ = {isa = PBXFileReference; fileEncoding = 4; lastKnownFileType = sourcecode.c.h; path = NSFNanoExpression.h; sourceTree = "<group>"; };
		74FB58E812E3C1B60070E4D0 /* NSFNanoExpression.m */ = {isa = PBXFileReference; fileEncoding = 4; lastKnownFileType = sourcecode.c.objc; path = NSFNanoExpression.m; sourceTree = "<group>"; };
		74FB58E912E3C1B60070E4D0 /* NSFNanoGlobals.h */ = {isa = PBXFileReference; fileEncoding = 4; lastKnownFileType = sourcecode.c.h; path = NSFNanoGlobals.h; sourceTree = "<group>"; };
		74FB58EA12E3C1B60070E4D0 /* NSFNanoGlobals.m */ = {isa = PBXFileReference; fileEncoding = 4; lastKnownFileType = sourcecode.c.objc; path = NSFNanoGlobals.m; sourceTree = "<group>"; };
		74FB58EB12E3C1B60070E4D0 /* NSFNanoObject.h */ = {isa = PBXFileReference; fileEncoding = 4; lastKnownFileType = sourcecode.c.h; path = NSFNanoObject.h; sourceTree = "<group>"; };
		74FB58EC12E3C1B60070E4D0 /* NSFNanoObject.m */ = {isa = PBXFileReference; fileEncoding = 4; lastKnownFileType = sourcecode.c.objc; path = NSFNanoObject.m; sourceTree = "<group>"; };
		74FB58ED12E3C1B60070E4D0 /* NSFNanoObjectProtocol.h */ = {isa = PBXFileReference; fileEncoding = 4; lastKnownFileType = sourcecode.c.h; path = NSFNanoObjectProtocol.h; sourceTree = "<group>"; };
		74FB58EE12E3C1B60070E4D0 /* NSFNanoPredicate.h */ = {isa = PBXFileReference; fileEncoding = 4; lastKnownFileType = sourcecode.c.h; path = NSFNanoPredicate.h; sourceTree = "<group>"; };
		74FB58EF12E3C1B60070E4D0 /* NSFNanoPredicate.m */ = {isa = PBXFileReference; fileEncoding = 4; lastKnownFileType = sourcecode.c.objc; path = NSFNanoPredicate.m; sourceTree = "<group>"; };
		74FB58F012E3C1B60070E4D0 /* NSFNanoSearch.h */ = {isa = PBXFileReference; fileEncoding = 4; lastKnownFileType = sourcecode.c.h; path = NSFNanoSearch.h; sourceTree = "<group>"; };
		74FB58F112E3C1B60070E4D0 /* NSFNanoSearch.m */ = {isa = PBXFileReference; fileEncoding = 4; lastKnownFileType = sourcecode.c.objc; path = NSFNanoSearch.m; sourceTree = "<group>"; };
		74FB58F212E3C1B60070E4D0 /* NSFNanoStore.h */ = {isa = PBXFileReference; fileEncoding = 4; lastKnownFileType = sourcecode.c.h; path = NSFNanoStore.h; sourceTree = "<group>"; };
		74FB58F312E3C1B60070E4D0 /* NSFNanoStore.m */ = {isa = PBXFileReference; fileEncoding = 4; lastKnownFileType = sourcecode.c.objc; path = NSFNanoStore.m; sourceTree = "<group>"; };
		74FB590412E3C1D10070E4D0 /* libsqlite3.dylib */ = {isa = PBXFileReference; lastKnownFileType = "compiled.mach-o.dylib"; name = libsqlite3.dylib; path = /usr/lib/libsqlite3.dylib; sourceTree = "<absolute>"; };
		8DD76FA10486AA7600D96B5E /* iTunesImporter */ = {isa = PBXFileReference; explicitFileType = "compiled.mach-o.executable"; includeInIndex = 0; path = iTunesImporter; sourceTree = BUILT_PRODUCTS_DIR; };
		C6859EA3029092ED04C91782 /* iTunesImporter.1 */ = {isa = PBXFileReference; lastKnownFileType = text.man; path = iTunesImporter.1; sourceTree = "<group>"; };
/* End PBXFileReference section */

/* Begin PBXFrameworksBuildPhase section */
		8DD76F9B0486AA7600D96B5E /* Frameworks */ = {
			isa = PBXFrameworksBuildPhase;
			buildActionMask = 2147483647;
			files = (
				8DD76F9C0486AA7600D96B5E /* Foundation.framework in Frameworks */,
				74FB590512E3C1D10070E4D0 /* libsqlite3.dylib in Frameworks */,
			);
			runOnlyForDeploymentPostprocessing = 0;
		};
/* End PBXFrameworksBuildPhase section */

/* Begin PBXGroup section */
		08FB7794FE84155DC02AAC07 /* iTunesImporter */ = {
			isa = PBXGroup;
			children = (
				08FB7795FE84155DC02AAC07 /* Source */,
				74FB58D212E3C1B60070E4D0 /* Classes */,
				C6859EA2029092E104C91782 /* Documentation */,
				08FB779DFE84155DC02AAC07 /* External Frameworks and Libraries */,
				1AB674ADFE9D54B511CA2CBB /* Products */,
			);
			name = iTunesImporter;
			sourceTree = "<group>";
		};
		08FB7795FE84155DC02AAC07 /* Source */ = {
			isa = PBXGroup;
			children = (
				32A70AAB03705E1F00C91783 /* iTunesImporter_Prefix.pch */,
				08FB7796FE84155DC02AAC07 /* iTunesImporter.m */,
			);
			name = Source;
			sourceTree = "<group>";
		};
		08FB779DFE84155DC02AAC07 /* External Frameworks and Libraries */ = {
			isa = PBXGroup;
			children = (
				08FB779EFE84155DC02AAC07 /* Foundation.framework */,
				74FB590412E3C1D10070E4D0 /* libsqlite3.dylib */,
			);
			name = "External Frameworks and Libraries";
			sourceTree = "<group>";
		};
		1AB674ADFE9D54B511CA2CBB /* Products */ = {
			isa = PBXGroup;
			children = (
				8DD76FA10486AA7600D96B5E /* iTunesImporter */,
			);
			name = Products;
			sourceTree = "<group>";
		};
		74FB58D212E3C1B60070E4D0 /* Classes */ = {
			isa = PBXGroup;
			children = (
				74FB58D312E3C1B60070E4D0 /* Advanced */,
				74FB58D812E3C1B60070E4D0 /* Private */,
				74FB58E312E3C1B60070E4D0 /* Public */,
			);
			name = Classes;
			path = ../../Classes;
			sourceTree = SOURCE_ROOT;
		};
		74FB58D312E3C1B60070E4D0 /* Advanced */ = {
			isa = PBXGroup;
			children = (
				74FB58D412E3C1B60070E4D0 /* NSFNanoEngine.h */,
				74FB58D512E3C1B60070E4D0 /* NSFNanoEngine.m */,
				74FB58D612E3C1B60070E4D0 /* NSFNanoResult.h */,
				74FB58D712E3C1B60070E4D0 /* NSFNanoResult.m */,
			);
			path = Advanced;
			sourceTree = "<group>";
		};
		74FB58D812E3C1B60070E4D0 /* Private */ = {
			isa = PBXGroup;
			children = (
				74FB58D912E3C1B60070E4D0 /* NanoStore_Private.h */,
				74FB58DA12E3C1B60070E4D0 /* NSFNanoBag_Private.h */,
				74FB58DB12E3C1B60070E4D0 /* NSFNanoEngine_Private.h */,
				74FB58DC12E3C1B60070E4D0 /* NSFNanoExpression_Private.h */,
				74FB58DD12E3C1B60070E4D0 /* NSFNanoGlobals_Private.h */,
				74FB58DE12E3C1B60070E4D0 /* NSFNanoObject_Private.h */,
				74FB58DF12E3C1B60070E4D0 /* NSFNanoPredicate_Private.h */,
				74FB58E012E3C1B60070E4D0 /* NSFNanoResult_Private.h */,
				74FB58E112E3C1B60070E4D0 /* NSFNanoSearch_Private.h */,
				74FB58E212E3C1B60070E4D0 /* NSFNanoStore_Private.h */,
			);
			path = Private;
			sourceTree = "<group>";
		};
		74FB58E312E3C1B60070E4D0 /* Public */ = {
			isa = PBXGroup;
			children = (
				74FB58E412E3C1B60070E4D0 /* NanoStore.h */,
				74FB58E512E3C1B60070E4D0 /* NSFNanoBag.h */,
				74FB58E612E3C1B60070E4D0 /* NSFNanoBag.m */,
				74FB58E712E3C1B60070E4D0 /* NSFNanoExpression.h */,
				74FB58E812E3C1B60070E4D0 /* NSFNanoExpression.m */,
				74FB58E912E3C1B60070E4D0 /* NSFNanoGlobals.h */,
				74FB58EA12E3C1B60070E4D0 /* NSFNanoGlobals.m */,
				74FB58EB12E3C1B60070E4D0 /* NSFNanoObject.h */,
				74FB58EC12E3C1B60070E4D0 /* NSFNanoObject.m */,
				74FB58ED12E3C1B60070E4D0 /* NSFNanoObjectProtocol.h */,
				74FB58EE12E3C1B60070E4D0 /* NSFNanoPredicate.h */,
				74FB58EF12E3C1B60070E4D0 /* NSFNanoPredicate.m */,
				74FB58F012E3C1B60070E4D0 /* NSFNanoSearch.h */,
				74FB58F112E3C1B60070E4D0 /* NSFNanoSearch.m */,
				74FB58F212E3C1B60070E4D0 /* NSFNanoStore.h */,
				74FB58F312E3C1B60070E4D0 /* NSFNanoStore.m */,
			);
			path = Public;
			sourceTree = "<group>";
		};
		C6859EA2029092E104C91782 /* Documentation */ = {
			isa = PBXGroup;
			children = (
				C6859EA3029092ED04C91782 /* iTunesImporter.1 */,
			);
			name = Documentation;
			sourceTree = "<group>";
		};
/* End PBXGroup section */

/* Begin PBXNativeTarget section */
		8DD76F960486AA7600D96B5E /* iTunesImporter */ = {
			isa = PBXNativeTarget;
			buildConfigurationList = 1DEB927408733DD40010E9CD /* Build configuration list for PBXNativeTarget "iTunesImporter" */;
			buildPhases = (
				8DD76F990486AA7600D96B5E /* Sources */,
				8DD76F9B0486AA7600D96B5E /* Frameworks */,
				8DD76F9E0486AA7600D96B5E /* CopyFiles */,
			);
			buildRules = (
			);
			dependencies = (
			);
			name = iTunesImporter;
			productInstallPath = "$(HOME)/bin";
			productName = iTunesImporter;
			productReference = 8DD76FA10486AA7600D96B5E /* iTunesImporter */;
			productType = "com.apple.product-type.tool";
		};
/* End PBXNativeTarget section */

/* Begin PBXProject section */
		08FB7793FE84155DC02AAC07 /* Project object */ = {
			isa = PBXProject;
			buildConfigurationList = 1DEB927808733DD40010E9CD /* Build configuration list for PBXProject "iTunesImporter" */;
			compatibilityVersion = "Xcode 3.1";
			developmentRegion = English;
			hasScannedForEncodings = 1;
			knownRegions = (
				English,
				Japanese,
				French,
				German,
			);
			mainGroup = 08FB7794FE84155DC02AAC07 /* iTunesImporter */;
			projectDirPath = "";
			projectRoot = "";
			targets = (
				8DD76F960486AA7600D96B5E /* iTunesImporter */,
			);
		};
/* End PBXProject section */

/* Begin PBXSourcesBuildPhase section */
		8DD76F990486AA7600D96B5E /* Sources */ = {
			isa = PBXSourcesBuildPhase;
			buildActionMask = 2147483647;
			files = (
				8DD76F9A0486AA7600D96B5E /* iTunesImporter.m in Sources */,
				74FB58F412E3C1B60070E4D0 /* NSFNanoEngine.m in Sources */,
				74FB58F512E3C1B60070E4D0 /* NSFNanoResult.m in Sources */,
				74FB58F612E3C1B60070E4D0 /* NSFNanoBag.m in Sources */,
				74FB58F712E3C1B60070E4D0 /* NSFNanoExpression.m in Sources */,
				74FB58F812E3C1B60070E4D0 /* NSFNanoGlobals.m in Sources */,
				74FB58F912E3C1B60070E4D0 /* NSFNanoObject.m in Sources */,
				74FB58FA12E3C1B60070E4D0 /* NSFNanoPredicate.m in Sources */,
				74FB58FB12E3C1B60070E4D0 /* NSFNanoSearch.m in Sources */,
				74FB58FC12E3C1B60070E4D0 /* NSFNanoStore.m in Sources */,
			);
			runOnlyForDeploymentPostprocessing = 0;
		};
/* End PBXSourcesBuildPhase section */

/* Begin XCBuildConfiguration section */
		1DEB927508733DD40010E9CD /* Debug */ = {
			isa = XCBuildConfiguration;
			buildSettings = {
				ALWAYS_SEARCH_USER_PATHS = NO;
				COPY_PHASE_STRIP = NO;
				GCC_DYNAMIC_NO_PIC = NO;
				GCC_ENABLE_FIX_AND_CONTINUE = YES;
				GCC_MODEL_TUNING = G5;
				GCC_OPTIMIZATION_LEVEL = 0;
				GCC_PRECOMPILE_PREFIX_HEADER = YES;
				GCC_PREFIX_HEADER = iTunesImporter_Prefix.pch;
				INSTALL_PATH = /usr/local/bin;
				PRODUCT_NAME = iTunesImporter;
			};
			name = Debug;
		};
		1DEB927608733DD40010E9CD /* Release */ = {
			isa = XCBuildConfiguration;
			buildSettings = {
				ALWAYS_SEARCH_USER_PATHS = NO;
				DEBUG_INFORMATION_FORMAT = "dwarf-with-dsym";
				GCC_MODEL_TUNING = G5;
				GCC_PRECOMPILE_PREFIX_HEADER = YES;
				GCC_PREFIX_HEADER = iTunesImporter_Prefix.pch;
				INSTALL_PATH = /usr/local/bin;
				PRODUCT_NAME = iTunesImporter;
			};
			name = Release;
		};
		1DEB927908733DD40010E9CD /* Debug */ = {
			isa = XCBuildConfiguration;
			buildSettings = {
				ARCHS = "$(ARCHS_STANDARD_32_64_BIT)";
				GCC_C_LANGUAGE_STANDARD = gnu99;
				GCC_OPTIMIZATION_LEVEL = 0;
				GCC_WARN_ABOUT_RETURN_TYPE = YES;
				GCC_WARN_UNUSED_VARIABLE = YES;
				ONLY_ACTIVE_ARCH = YES;
				PREBINDING = NO;
				SDKROOT = macosx10.6;
			};
			name = Debug;
		};
		1DEB927A08733DD40010E9CD /* Release */ = {
			isa = XCBuildConfiguration;
			buildSettings = {
				ARCHS = "$(ARCHS_STANDARD_32_64_BIT)";
				GCC_C_LANGUAGE_STANDARD = gnu99;
				GCC_WARN_ABOUT_RETURN_TYPE = YES;
				GCC_WARN_UNUSED_VARIABLE = YES;
				PREBINDING = NO;
				SDKROOT = macosx10.6;
			};
			name = Release;
		};
/* End XCBuildConfiguration section */

/* Begin XCConfigurationList section */
		1DEB927408733DD40010E9CD /* Build configuration list for PBXNativeTarget "iTunesImporter" */ = {
			isa = XCConfigurationList;
			buildConfigurations = (
				1DEB927508733DD40010E9CD /* Debug */,
				1DEB927608733DD40010E9CD /* Release */,
			);
			defaultConfigurationIsVisible = 0;
			defaultConfigurationName = Release;
		};
		1DEB927808733DD40010E9CD /* Build configuration list for PBXProject "iTunesImporter" */ = {
			isa = XCConfigurationList;
			buildConfigurations = (
				1DEB927908733DD40010E9CD /* Debug */,
				1DEB927A08733DD40010E9CD /* Release */,
			);
			defaultConfigurationIsVisible = 0;
			defaultConfigurationName = Release;
		};
/* End XCConfigurationList section */
	};
	rootObject = 08FB7793FE84155DC02AAC07 /* Project object */;
}
