// !$*UTF8*$!
{
	archiveVersion = 1;
	classes = {
	};
	objectVersion = 46;
	objects = {

/* Begin PBXBuildFile section */
		1D3623260D0F684500981E51 /* iPhoneTestAppDelegate.m in Sources */ = {isa = PBXBuildFile; fileRef = 1D3623250D0F684500981E51 /* iPhoneTestAppDelegate.m */; settings = {COMPILER_FLAGS = "-fno-objc-arc"; }; };
		1D60589B0D05DD56006BFB54 /* main.m in Sources */ = {isa = PBXBuildFile; fileRef = 29B97316FDCFA39411CA2CEA /* main.m */; settings = {COMPILER_FLAGS = "-fno-objc-arc"; }; };
		1D60589F0D05DD5A006BFB54 /* Foundation.framework in Frameworks */ = {isa = PBXBuildFile; fileRef = 1D30AB110D05D00D00671497 /* Foundation.framework */; };
		1DF5F4E00D08C38300B7A737 /* UIKit.framework in Frameworks */ = {isa = PBXBuildFile; fileRef = 1DF5F4DF0D08C38300B7A737 /* UIKit.framework */; };
		2892E4100DC94CBA00A64D0F /* CoreGraphics.framework in Frameworks */ = {isa = PBXBuildFile; fileRef = 2892E40F0DC94CBA00A64D0F /* CoreGraphics.framework */; };
		28AD73600D9D9599002E5188 /* MainWindow.xib in Resources */ = {isa = PBXBuildFile; fileRef = 28AD735F0D9D9599002E5188 /* MainWindow.xib */; };
		28C286E10D94DF7D0034E888 /* RootViewController.m in Sources */ = {isa = PBXBuildFile; fileRef = 28C286E00D94DF7D0034E888 /* RootViewController.m */; settings = {COMPILER_FLAGS = "-fno-objc-arc"; }; };
		28F335F11007B36200424DE2 /* RootViewController.xib in Resources */ = {isa = PBXBuildFile; fileRef = 28F335F01007B36200424DE2 /* RootViewController.xib */; };
		7470B3EA122837F7007DB471 /* libsqlite3.dylib in Frameworks */ = {isa = PBXBuildFile; fileRef = 7470B3E9122837F7007DB471 /* libsqlite3.dylib */; };
		74B63E50129F26AA00B3B2A7 /* NSFNanoEngine.m in Sources */ = {isa = PBXBuildFile; fileRef = 74B63E31129F26AA00B3B2A7 /* NSFNanoEngine.m */; };
		74B63E51129F26AA00B3B2A7 /* NSFNanoResult.m in Sources */ = {isa = PBXBuildFile; fileRef = 74B63E33129F26AA00B3B2A7 /* NSFNanoResult.m */; };
		74B63E52129F26AA00B3B2A7 /* NSFNanoBag.m in Sources */ = {isa = PBXBuildFile; fileRef = 74B63E42129F26AA00B3B2A7 /* NSFNanoBag.m */; };
		74B63E53129F26AA00B3B2A7 /* NSFNanoExpression.m in Sources */ = {isa = PBXBuildFile; fileRef = 74B63E44129F26AA00B3B2A7 /* NSFNanoExpression.m */; };
		74B63E54129F26AA00B3B2A7 /* NSFNanoGlobals.m in Sources */ = {isa = PBXBuildFile; fileRef = 74B63E46129F26AA00B3B2A7 /* NSFNanoGlobals.m */; };
		74B63E55129F26AA00B3B2A7 /* NSFNanoObject.m in Sources */ = {isa = PBXBuildFile; fileRef = 74B63E48129F26AA00B3B2A7 /* NSFNanoObject.m */; };
		74B63E56129F26AA00B3B2A7 /* NSFNanoPredicate.m in Sources */ = {isa = PBXBuildFile; fileRef = 74B63E4B129F26AA00B3B2A7 /* NSFNanoPredicate.m */; };
		74B63E57129F26AA00B3B2A7 /* NSFNanoSearch.m in Sources */ = {isa = PBXBuildFile; fileRef = 74B63E4D129F26AA00B3B2A7 /* NSFNanoSearch.m */; };
		74B63E58129F26AA00B3B2A7 /* NSFNanoStore.m in Sources */ = {isa = PBXBuildFile; fileRef = 74B63E4F129F26AA00B3B2A7 /* NSFNanoStore.m */; };
		DC57E78516BAE5FF00E4D4B0 /* NSFOrderedDictionary.m in Sources */ = {isa = PBXBuildFile; fileRef = DC57E78416BAE5FF00E4D4B0 /* NSFOrderedDictionary.m */; };
/* End PBXBuildFile section */

/* Begin PBXFileReference section */
		1D30AB110D05D00D00671497 /* Foundation.framework */ = {isa = PBXFileReference; lastKnownFileType = wrapper.framework; name = Foundation.framework; path = System/Library/Frameworks/Foundation.framework; sourceTree = SDKROOT; };
		1D3623240D0F684500981E51 /* iPhoneTestAppDelegate.h */ = {isa = PBXFileReference; fileEncoding = 4; lastKnownFileType = sourcecode.c.h; path = iPhoneTestAppDelegate.h; sourceTree = "<group>"; };
		1D3623250D0F684500981E51 /* iPhoneTestAppDelegate.m */ = {isa = PBXFileReference; fileEncoding = 4; lastKnownFileType = sourcecode.c.objc; path = iPhoneTestAppDelegate.m; sourceTree = "<group>"; };
		1D6058910D05DD3D006BFB54 /* iPhoneTest.app */ = {isa = PBXFileReference; explicitFileType = wrapper.application; includeInIndex = 0; path = iPhoneTest.app; sourceTree = BUILT_PRODUCTS_DIR; };
		1DF5F4DF0D08C38300B7A737 /* UIKit.framework */ = {isa = PBXFileReference; lastKnownFileType = wrapper.framework; name = UIKit.framework; path = System/Library/Frameworks/UIKit.framework; sourceTree = SDKROOT; };
		2892E40F0DC94CBA00A64D0F /* CoreGraphics.framework */ = {isa = PBXFileReference; lastKnownFileType = wrapper.framework; name = CoreGraphics.framework; path = System/Library/Frameworks/CoreGraphics.framework; sourceTree = SDKROOT; };
		28A0AAE50D9B0CCF005BE974 /* iPhoneTest_Prefix.pch */ = {isa = PBXFileReference; fileEncoding = 4; lastKnownFileType = sourcecode.c.h; path = iPhoneTest_Prefix.pch; sourceTree = "<group>"; };
		28AD735F0D9D9599002E5188 /* MainWindow.xib */ = {isa = PBXFileReference; lastKnownFileType = file.xib; path = MainWindow.xib; sourceTree = "<group>"; };
		28C286DF0D94DF7D0034E888 /* RootViewController.h */ = {isa = PBXFileReference; fileEncoding = 4; lastKnownFileType = sourcecode.c.h; path = RootViewController.h; sourceTree = "<group>"; };
		28C286E00D94DF7D0034E888 /* RootViewController.m */ = {isa = PBXFileReference; fileEncoding = 4; lastKnownFileType = sourcecode.c.objc; path = RootViewController.m; sourceTree = "<group>"; };
		28F335F01007B36200424DE2 /* RootViewController.xib */ = {isa = PBXFileReference; lastKnownFileType = file.xib; path = RootViewController.xib; sourceTree = "<group>"; };
		29B97316FDCFA39411CA2CEA /* main.m */ = {isa = PBXFileReference; fileEncoding = 4; lastKnownFileType = sourcecode.c.objc; path = main.m; sourceTree = "<group>"; };
		7470B3E9122837F7007DB471 /* libsqlite3.dylib */ = {isa = PBXFileReference; lastKnownFileType = "compiled.mach-o.dylib"; name = libsqlite3.dylib; path = /usr/lib/libsqlite3.dylib; sourceTree = "<absolute>"; };
		74B63E30129F26AA00B3B2A7 /* NSFNanoEngine.h */ = {isa = PBXFileReference; fileEncoding = 4; lastKnownFileType = sourcecode.c.h; path = NSFNanoEngine.h; sourceTree = "<group>"; };
		74B63E31129F26AA00B3B2A7 /* NSFNanoEngine.m */ = {isa = PBXFileReference; fileEncoding = 4; lastKnownFileType = sourcecode.c.objc; path = NSFNanoEngine.m; sourceTree = "<group>"; };
		74B63E32129F26AA00B3B2A7 /* NSFNanoResult.h */ = {isa = PBXFileReference; fileEncoding = 4; lastKnownFileType = sourcecode.c.h; path = NSFNanoResult.h; sourceTree = "<group>"; };
		74B63E33129F26AA00B3B2A7 /* NSFNanoResult.m */ = {isa = PBXFileReference; fileEncoding = 4; lastKnownFileType = sourcecode.c.objc; path = NSFNanoResult.m; sourceTree = "<group>"; };
		74B63E35129F26AA00B3B2A7 /* NanoStore_Private.h */ = {isa = PBXFileReference; fileEncoding = 4; lastKnownFileType = sourcecode.c.h; path = NanoStore_Private.h; sourceTree = "<group>"; };
		74B63E36129F26AA00B3B2A7 /* NSFNanoBag_Private.h */ = {isa = PBXFileReference; fileEncoding = 4; lastKnownFileType = sourcecode.c.h; path = NSFNanoBag_Private.h; sourceTree = "<group>"; };
		74B63E37129F26AA00B3B2A7 /* NSFNanoEngine_Private.h */ = {isa = PBXFileReference; fileEncoding = 4; lastKnownFileType = sourcecode.c.h; path = NSFNanoEngine_Private.h; sourceTree = "<group>"; };
		74B63E38129F26AA00B3B2A7 /* NSFNanoExpression_Private.h */ = {isa = PBXFileReference; fileEncoding = 4; lastKnownFileType = sourcecode.c.h; path = NSFNanoExpression_Private.h; sourceTree = "<group>"; };
		74B63E39129F26AA00B3B2A7 /* NSFNanoGlobals_Private.h */ = {isa = PBXFileReference; fileEncoding = 4; lastKnownFileType = sourcecode.c.h; path = NSFNanoGlobals_Private.h; sourceTree = "<group>"; };
		74B63E3A129F26AA00B3B2A7 /* NSFNanoObject_Private.h */ = {isa = PBXFileReference; fileEncoding = 4; lastKnownFileType = sourcecode.c.h; path = NSFNanoObject_Private.h; sourceTree = "<group>"; };
		74B63E3B129F26AA00B3B2A7 /* NSFNanoPredicate_Private.h */ = {isa = PBXFileReference; fileEncoding = 4; lastKnownFileType = sourcecode.c.h; path = NSFNanoPredicate_Private.h; sourceTree = "<group>"; };
		74B63E3C129F26AA00B3B2A7 /* NSFNanoResult_Private.h */ = {isa = PBXFileReference; fileEncoding = 4; lastKnownFileType = sourcecode.c.h; path = NSFNanoResult_Private.h; sourceTree = "<group>"; };
		74B63E3D129F26AA00B3B2A7 /* NSFNanoSearch_Private.h */ = {isa = PBXFileReference; fileEncoding = 4; lastKnownFileType = sourcecode.c.h; path = NSFNanoSearch_Private.h; sourceTree = "<group>"; };
		74B63E3E129F26AA00B3B2A7 /* NSFNanoStore_Private.h */ = {isa = PBXFileReference; fileEncoding = 4; lastKnownFileType = sourcecode.c.h; path = NSFNanoStore_Private.h; sourceTree = "<group>"; };
		74B63E40129F26AA00B3B2A7 /* NanoStore.h */ = {isa = PBXFileReference; fileEncoding = 4; lastKnownFileType = sourcecode.c.h; path = NanoStore.h; sourceTree = "<group>"; };
		74B63E41129F26AA00B3B2A7 /* NSFNanoBag.h */ = {isa = PBXFileReference; fileEncoding = 4; lastKnownFileType = sourcecode.c.h; path = NSFNanoBag.h; sourceTree = "<group>"; };
		74B63E42129F26AA00B3B2A7 /* NSFNanoBag.m */ = {isa = PBXFileReference; fileEncoding = 4; lastKnownFileType = sourcecode.c.objc; path = NSFNanoBag.m; sourceTree = "<group>"; };
		74B63E43129F26AA00B3B2A7 /* NSFNanoExpression.h */ = {isa = PBXFileReference; fileEncoding = 4; lastKnownFileType = sourcecode.c.h; path = NSFNanoExpression.h; sourceTree = "<group>"; };
		74B63E44129F26AA00B3B2A7 /* NSFNanoExpression.m */ = {isa = PBXFileReference; fileEncoding = 4; lastKnownFileType = sourcecode.c.objc; path = NSFNanoExpression.m; sourceTree = "<group>"; };
		74B63E45129F26AA00B3B2A7 /* NSFNanoGlobals.h */ = {isa = PBXFileReference; fileEncoding = 4; lastKnownFileType = sourcecode.c.h; path = NSFNanoGlobals.h; sourceTree = "<group>"; };
		74B63E46129F26AA00B3B2A7 /* NSFNanoGlobals.m */ = {isa = PBXFileReference; fileEncoding = 4; lastKnownFileType = sourcecode.c.objc; path = NSFNanoGlobals.m; sourceTree = "<group>"; };
		74B63E47129F26AA00B3B2A7 /* NSFNanoObject.h */ = {isa = PBXFileReference; fileEncoding = 4; lastKnownFileType = sourcecode.c.h; path = NSFNanoObject.h; sourceTree = "<group>"; };
		74B63E48129F26AA00B3B2A7 /* NSFNanoObject.m */ = {isa = PBXFileReference; fileEncoding = 4; lastKnownFileType = sourcecode.c.objc; path = NSFNanoObject.m; sourceTree = "<group>"; };
		74B63E49129F26AA00B3B2A7 /* NSFNanoObjectProtocol.h */ = {isa = PBXFileReference; fileEncoding = 4; lastKnownFileType = sourcecode.c.h; path = NSFNanoObjectProtocol.h; sourceTree = "<group>"; };
		74B63E4A129F26AA00B3B2A7 /* NSFNanoPredicate.h */ = {isa = PBXFileReference; fileEncoding = 4; lastKnownFileType = sourcecode.c.h; path = NSFNanoPredicate.h; sourceTree = "<group>"; };
		74B63E4B129F26AA00B3B2A7 /* NSFNanoPredicate.m */ = {isa = PBXFileReference; fileEncoding = 4; lastKnownFileType = sourcecode.c.objc; path = NSFNanoPredicate.m; sourceTree = "<group>"; };
		74B63E4C129F26AA00B3B2A7 /* NSFNanoSearch.h */ = {isa = PBXFileReference; fileEncoding = 4; lastKnownFileType = sourcecode.c.h; path = NSFNanoSearch.h; sourceTree = "<group>"; };
		74B63E4D129F26AA00B3B2A7 /* NSFNanoSearch.m */ = {isa = PBXFileReference; fileEncoding = 4; lastKnownFileType = sourcecode.c.objc; path = NSFNanoSearch.m; sourceTree = "<group>"; };
		74B63E4E129F26AA00B3B2A7 /* NSFNanoStore.h */ = {isa = PBXFileReference; fileEncoding = 4; lastKnownFileType = sourcecode.c.h; path = NSFNanoStore.h; sourceTree = "<group>"; };
		74B63E4F129F26AA00B3B2A7 /* NSFNanoStore.m */ = {isa = PBXFileReference; fileEncoding = 4; lastKnownFileType = sourcecode.c.objc; path = NSFNanoStore.m; sourceTree = "<group>"; };
		8D1107310486CEB800E47090 /* iPhoneTest-Info.plist */ = {isa = PBXFileReference; fileEncoding = 4; lastKnownFileType = text.plist.xml; path = "iPhoneTest-Info.plist"; plistStructureDefinitionIdentifier = "com.apple.xcode.plist.structure-definition.iphone.info-plist"; sourceTree = "<group>"; };
		DC57E78316BAE5FF00E4D4B0 /* NSFOrderedDictionary.h */ = {isa = PBXFileReference; fileEncoding = 4; lastKnownFileType = sourcecode.c.h; path = NSFOrderedDictionary.h; sourceTree = "<group>"; };
		DC57E78416BAE5FF00E4D4B0 /* NSFOrderedDictionary.m */ = {isa = PBXFileReference; fileEncoding = 4; lastKnownFileType = sourcecode.c.objc; path = NSFOrderedDictionary.m; sourceTree = "<group>"; };
/* End PBXFileReference section */

/* Begin PBXFrameworksBuildPhase section */
		1D60588F0D05DD3D006BFB54 /* Frameworks */ = {
			isa = PBXFrameworksBuildPhase;
			buildActionMask = 2147483647;
			files = (
				1D60589F0D05DD5A006BFB54 /* Foundation.framework in Frameworks */,
				1DF5F4E00D08C38300B7A737 /* UIKit.framework in Frameworks */,
				2892E4100DC94CBA00A64D0F /* CoreGraphics.framework in Frameworks */,
				7470B3EA122837F7007DB471 /* libsqlite3.dylib in Frameworks */,
			);
			runOnlyForDeploymentPostprocessing = 0;
		};
/* End PBXFrameworksBuildPhase section */

/* Begin PBXGroup section */
		080E96DDFE201D6D7F000001 /* Classes */ = {
			isa = PBXGroup;
			children = (
				28C286DF0D94DF7D0034E888 /* RootViewController.h */,
				28C286E00D94DF7D0034E888 /* RootViewController.m */,
				1D3623240D0F684500981E51 /* iPhoneTestAppDelegate.h */,
				1D3623250D0F684500981E51 /* iPhoneTestAppDelegate.m */,
			);
			path = Classes;
			sourceTree = "<group>";
		};
		19C28FACFE9D520D11CA2CBB /* Products */ = {
			isa = PBXGroup;
			children = (
				1D6058910D05DD3D006BFB54 /* iPhoneTest.app */,
			);
			name = Products;
			sourceTree = "<group>";
		};
		29B97314FDCFA39411CA2CEA /* CustomTemplate */ = {
			isa = PBXGroup;
			children = (
				74B63E2E129F26AA00B3B2A7 /* NanoStore 2.0 */,
				080E96DDFE201D6D7F000001 /* Classes */,
				29B97315FDCFA39411CA2CEA /* Other Sources */,
				29B97317FDCFA39411CA2CEA /* Resources */,
				29B97323FDCFA39411CA2CEA /* Frameworks */,
				19C28FACFE9D520D11CA2CBB /* Products */,
			);
			name = CustomTemplate;
			sourceTree = "<group>";
		};
		29B97315FDCFA39411CA2CEA /* Other Sources */ = {
			isa = PBXGroup;
			children = (
				28A0AAE50D9B0CCF005BE974 /* iPhoneTest_Prefix.pch */,
				29B97316FDCFA39411CA2CEA /* main.m */,
			);
			name = "Other Sources";
			sourceTree = "<group>";
		};
		29B97317FDCFA39411CA2CEA /* Resources */ = {
			isa = PBXGroup;
			children = (
				28F335F01007B36200424DE2 /* RootViewController.xib */,
				28AD735F0D9D9599002E5188 /* MainWindow.xib */,
				8D1107310486CEB800E47090 /* iPhoneTest-Info.plist */,
			);
			name = Resources;
			sourceTree = "<group>";
		};
		29B97323FDCFA39411CA2CEA /* Frameworks */ = {
			isa = PBXGroup;
			children = (
				1DF5F4DF0D08C38300B7A737 /* UIKit.framework */,
				1D30AB110D05D00D00671497 /* Foundation.framework */,
				2892E40F0DC94CBA00A64D0F /* CoreGraphics.framework */,
				7470B3E9122837F7007DB471 /* libsqlite3.dylib */,
			);
			name = Frameworks;
			sourceTree = "<group>";
		};
		74B63E2E129F26AA00B3B2A7 /* NanoStore 2.0 */ = {
			isa = PBXGroup;
			children = (
				74B63E2F129F26AA00B3B2A7 /* Advanced */,
				74B63E34129F26AA00B3B2A7 /* Private */,
				74B63E3F129F26AA00B3B2A7 /* Public */,
			);
			name = "NanoStore 2.0";
			path = ../../Classes;
			sourceTree = SOURCE_ROOT;
		};
		74B63E2F129F26AA00B3B2A7 /* Advanced */ = {
			isa = PBXGroup;
			children = (
				74B63E30129F26AA00B3B2A7 /* NSFNanoEngine.h */,
				74B63E31129F26AA00B3B2A7 /* NSFNanoEngine.m */,
				74B63E32129F26AA00B3B2A7 /* NSFNanoResult.h */,
				74B63E33129F26AA00B3B2A7 /* NSFNanoResult.m */,
				DC57E78316BAE5FF00E4D4B0 /* NSFOrderedDictionary.h */,
				DC57E78416BAE5FF00E4D4B0 /* NSFOrderedDictionary.m */,
			);
			path = Advanced;
			sourceTree = "<group>";
		};
		74B63E34129F26AA00B3B2A7 /* Private */ = {
			isa = PBXGroup;
			children = (
				74B63E35129F26AA00B3B2A7 /* NanoStore_Private.h */,
				74B63E36129F26AA00B3B2A7 /* NSFNanoBag_Private.h */,
				74B63E37129F26AA00B3B2A7 /* NSFNanoEngine_Private.h */,
				74B63E38129F26AA00B3B2A7 /* NSFNanoExpression_Private.h */,
				74B63E39129F26AA00B3B2A7 /* NSFNanoGlobals_Private.h */,
				74B63E3A129F26AA00B3B2A7 /* NSFNanoObject_Private.h */,
				74B63E3B129F26AA00B3B2A7 /* NSFNanoPredicate_Private.h */,
				74B63E3C129F26AA00B3B2A7 /* NSFNanoResult_Private.h */,
				74B63E3D129F26AA00B3B2A7 /* NSFNanoSearch_Private.h */,
				74B63E3E129F26AA00B3B2A7 /* NSFNanoStore_Private.h */,
			);
			path = Private;
			sourceTree = "<group>";
		};
		74B63E3F129F26AA00B3B2A7 /* Public */ = {
			isa = PBXGroup;
			children = (
				74B63E40129F26AA00B3B2A7 /* NanoStore.h */,
				74B63E41129F26AA00B3B2A7 /* NSFNanoBag.h */,
				74B63E42129F26AA00B3B2A7 /* NSFNanoBag.m */,
				74B63E43129F26AA00B3B2A7 /* NSFNanoExpression.h */,
				74B63E44129F26AA00B3B2A7 /* NSFNanoExpression.m */,
				74B63E45129F26AA00B3B2A7 /* NSFNanoGlobals.h */,
				74B63E46129F26AA00B3B2A7 /* NSFNanoGlobals.m */,
				74B63E47129F26AA00B3B2A7 /* NSFNanoObject.h */,
				74B63E48129F26AA00B3B2A7 /* NSFNanoObject.m */,
				74B63E49129F26AA00B3B2A7 /* NSFNanoObjectProtocol.h */,
				74B63E4A129F26AA00B3B2A7 /* NSFNanoPredicate.h */,
				74B63E4B129F26AA00B3B2A7 /* NSFNanoPredicate.m */,
				74B63E4C129F26AA00B3B2A7 /* NSFNanoSearch.h */,
				74B63E4D129F26AA00B3B2A7 /* NSFNanoSearch.m */,
				74B63E4E129F26AA00B3B2A7 /* NSFNanoStore.h */,
				74B63E4F129F26AA00B3B2A7 /* NSFNanoStore.m */,
			);
			path = Public;
			sourceTree = "<group>";
		};
/* End PBXGroup section */

/* Begin PBXNativeTarget section */
		1D6058900D05DD3D006BFB54 /* iPhoneTest */ = {
			isa = PBXNativeTarget;
			buildConfigurationList = 1D6058960D05DD3E006BFB54 /* Build configuration list for PBXNativeTarget "iPhoneTest" */;
			buildPhases = (
				1D60588D0D05DD3D006BFB54 /* Resources */,
				1D60588E0D05DD3D006BFB54 /* Sources */,
				1D60588F0D05DD3D006BFB54 /* Frameworks */,
			);
			buildRules = (
			);
			dependencies = (
			);
			name = iPhoneTest;
			productName = iPhoneTest;
			productReference = 1D6058910D05DD3D006BFB54 /* iPhoneTest.app */;
			productType = "com.apple.product-type.application";
		};
/* End PBXNativeTarget section */

/* Begin PBXProject section */
		29B97313FDCFA39411CA2CEA /* Project object */ = {
			isa = PBXProject;
			attributes = {
				LastUpgradeCheck = 0460;
			};
			buildConfigurationList = C01FCF4E08A954540054247B /* Build configuration list for PBXProject "iPhoneTest" */;
			compatibilityVersion = "Xcode 3.2";
			developmentRegion = English;
			hasScannedForEncodings = 1;
			knownRegions = (
				English,
				Japanese,
				French,
				German,
				en,
			);
			mainGroup = 29B97314FDCFA39411CA2CEA /* CustomTemplate */;
			projectDirPath = "";
			projectRoot = "";
			targets = (
				1D6058900D05DD3D006BFB54 /* iPhoneTest */,
			);
		};
/* End PBXProject section */

/* Begin PBXResourcesBuildPhase section */
		1D60588D0D05DD3D006BFB54 /* Resources */ = {
			isa = PBXResourcesBuildPhase;
			buildActionMask = 2147483647;
			files = (
				28AD73600D9D9599002E5188 /* MainWindow.xib in Resources */,
				28F335F11007B36200424DE2 /* RootViewController.xib in Resources */,
			);
			runOnlyForDeploymentPostprocessing = 0;
		};
/* End PBXResourcesBuildPhase section */

/* Begin PBXSourcesBuildPhase section */
		1D60588E0D05DD3D006BFB54 /* Sources */ = {
			isa = PBXSourcesBuildPhase;
			buildActionMask = 2147483647;
			files = (
				1D60589B0D05DD56006BFB54 /* main.m in Sources */,
				1D3623260D0F684500981E51 /* iPhoneTestAppDelegate.m in Sources */,
				28C286E10D94DF7D0034E888 /* RootViewController.m in Sources */,
				74B63E50129F26AA00B3B2A7 /* NSFNanoEngine.m in Sources */,
				74B63E51129F26AA00B3B2A7 /* NSFNanoResult.m in Sources */,
				74B63E52129F26AA00B3B2A7 /* NSFNanoBag.m in Sources */,
				74B63E53129F26AA00B3B2A7 /* NSFNanoExpression.m in Sources */,
				74B63E54129F26AA00B3B2A7 /* NSFNanoGlobals.m in Sources */,
				74B63E55129F26AA00B3B2A7 /* NSFNanoObject.m in Sources */,
				74B63E56129F26AA00B3B2A7 /* NSFNanoPredicate.m in Sources */,
				74B63E57129F26AA00B3B2A7 /* NSFNanoSearch.m in Sources */,
				74B63E58129F26AA00B3B2A7 /* NSFNanoStore.m in Sources */,
				DC57E78516BAE5FF00E4D4B0 /* NSFOrderedDictionary.m in Sources */,
			);
			runOnlyForDeploymentPostprocessing = 0;
		};
/* End PBXSourcesBuildPhase section */

/* Begin XCBuildConfiguration section */
		1D6058940D05DD3E006BFB54 /* Debug */ = {
			isa = XCBuildConfiguration;
			buildSettings = {
				ALWAYS_SEARCH_USER_PATHS = NO;
				CLANG_ENABLE_OBJC_ARC = YES;
				COPY_PHASE_STRIP = NO;
				GCC_DYNAMIC_NO_PIC = NO;
				GCC_OPTIMIZATION_LEVEL = 0;
				GCC_PRECOMPILE_PREFIX_HEADER = YES;
				GCC_PREFIX_HEADER = iPhoneTest_Prefix.pch;
				INFOPLIST_FILE = "iPhoneTest-Info.plist";
				PRODUCT_NAME = iPhoneTest;
			};
			name = Debug;
		};
		1D6058950D05DD3E006BFB54 /* Release */ = {
			isa = XCBuildConfiguration;
			buildSettings = {
				ALWAYS_SEARCH_USER_PATHS = NO;
				CLANG_ENABLE_OBJC_ARC = YES;
				COPY_PHASE_STRIP = YES;
				GCC_PRECOMPILE_PREFIX_HEADER = YES;
				GCC_PREFIX_HEADER = iPhoneTest_Prefix.pch;
				INFOPLIST_FILE = "iPhoneTest-Info.plist";
				PRODUCT_NAME = iPhoneTest;
				VALIDATE_PRODUCT = YES;
			};
			name = Release;
		};
		C01FCF4F08A954540054247B /* Debug */ = {
			isa = XCBuildConfiguration;
			buildSettings = {
				ARCHS = "$(ARCHS_STANDARD_32_BIT)";
				"CODE_SIGN_IDENTITY[sdk=iphoneos*]" = "iPhone Developer";
				GCC_C_LANGUAGE_STANDARD = c99;
				GCC_WARN_ABOUT_RETURN_TYPE = YES;
				GCC_WARN_UNUSED_VARIABLE = YES;
				SDKROOT = iphoneos;
			};
			name = Debug;
		};
		C01FCF5008A954540054247B /* Release */ = {
			isa = XCBuildConfiguration;
			buildSettings = {
				ARCHS = "$(ARCHS_STANDARD_32_BIT)";
				"CODE_SIGN_IDENTITY[sdk=iphoneos*]" = "iPhone Developer";
				GCC_C_LANGUAGE_STANDARD = c99;
				GCC_WARN_ABOUT_RETURN_TYPE = YES;
				GCC_WARN_UNUSED_VARIABLE = YES;
				OTHER_CFLAGS = "-DNS_BLOCK_ASSERTIONS=1";
				SDKROOT = iphoneos;
			};
			name = Release;
		};
/* End XCBuildConfiguration section */

/* Begin XCConfigurationList section */
		1D6058960D05DD3E006BFB54 /* Build configuration list for PBXNativeTarget "iPhoneTest" */ = {
			isa = XCConfigurationList;
			buildConfigurations = (
				1D6058940D05DD3E006BFB54 /* Debug */,
				1D6058950D05DD3E006BFB54 /* Release */,
			);
			defaultConfigurationIsVisible = 0;
			defaultConfigurationName = Release;
		};
		C01FCF4E08A954540054247B /* Build configuration list for PBXProject "iPhoneTest" */ = {
			isa = XCConfigurationList;
			buildConfigurations = (
				C01FCF4F08A954540054247B /* Debug */,
				C01FCF5008A954540054247B /* Release */,
			);
			defaultConfigurationIsVisible = 0;
			defaultConfigurationName = Release;
		};
/* End XCConfigurationList section */
	};
	rootObject = 29B97313FDCFA39411CA2CEA /* Project object */;
}
